
Microsoft Visual Studio Solution File, Format Version 12.00
# Visual Studio 14
VisualStudioVersion = 14.0.25420.1
MinimumVisualStudioVersion = 10.0.40219.1
Project("{FAE04EC0-301F-11D3-BF4B-00C04F79EFBC}") = "ConsoleView", "ConsoleView\ConsoleView.csproj", "{E702E022-A6FC-42B0-90F4-D23B588DD15A}"
EndProject
Project("{FAE04EC0-301F-11D3-BF4B-00C04F79EFBC}") = "Modelos", "Modelos\Modelos.csproj", "{B705DEFE-91B3-412D-8B75-8145E0A9198A}"
EndProject
Project("{FAE04EC0-301F-11D3-BF4B-00C04F79EFBC}") = "Controllers", "Controllers\Controllers.csproj", "{861CE297-E3F3-4A26-880A-BD39A0108C2A}"
EndProject
Project("{FAE04EC0-301F-11D3-BF4B-00C04F79EFBC}") = "WindowsFormsView", "WindowsFormsView\WindowsFormsView.csproj", "{1AFA1347-E7B5-4933-B838-A7F64A10F0E4}"
EndProject
Global
	GlobalSection(SolutionConfigurationPlatforms) = preSolution
		Debug|Any CPU = Debug|Any CPU
		Release|Any CPU = Release|Any CPU
	EndGlobalSection
	GlobalSection(ProjectConfigurationPlatforms) = postSolution
		{E702E022-A6FC-42B0-90F4-D23B588DD15A}.Debug|Any CPU.ActiveCfg = Debug|Any CPU
		{E702E022-A6FC-42B0-90F4-D23B588DD15A}.Debug|Any CPU.Build.0 = Debug|Any CPU
		{E702E022-A6FC-42B0-90F4-D23B588DD15A}.Release|Any CPU.ActiveCfg = Release|Any CPU
		{E702E022-A6FC-42B0-90F4-D23B588DD15A}.Release|Any CPU.Build.0 = Release|Any CPU
		{B705DEFE-91B3-412D-8B75-8145E0A9198A}.Debug|Any CPU.ActiveCfg = Debug|Any CPU
		{B705DEFE-91B3-412D-8B75-8145E0A9198A}.Debug|Any CPU.Build.0 = Debug|Any CPU
		{B705DEFE-91B3-412D-8B75-8145E0A9198A}.Release|Any CPU.ActiveCfg = Release|Any CPU
		{B705DEFE-91B3-412D-8B75-8145E0A9198A}.Release|Any CPU.Build.0 = Release|Any CPU
		{861CE297-E3F3-4A26-880A-BD39A0108C2A}.Debug|Any CPU.ActiveCfg = Debug|Any CPU
		{861CE297-E3F3-4A26-880A-BD39A0108C2A}.Debug|Any CPU.Build.0 = Debug|Any CPU
		{861CE297-E3F3-4A26-880A-BD39A0108C2A}.Release|Any CPU.ActiveCfg = Release|Any CPU
		{861CE297-E3F3-4A26-880A-BD39A0108C2A}.Release|Any CPU.Build.0 = Release|Any CPU
		{1AFA1347-E7B5-4933-B838-A7F64A10F0E4}.Debug|Any CPU.ActiveCfg = Debug|Any CPU
		{1AFA1347-E7B5-4933-B838-A7F64A10F0E4}.Debug|Any CPU.Build.0 = Debug|Any CPU
		{1AFA1347-E7B5-4933-B838-A7F64A10F0E4}.Release|Any CPU.ActiveCfg = Release|Any CPU
		{1AFA1347-E7B5-4933-B838-A7F64A10F0E4}.Release|Any CPU.Build.0 = Release|Any CPU
	EndGlobalSection
	GlobalSection(SolutionProperties) = preSolution
		HideSolutionNode = FALSE
	EndGlobalSection
EndGlobal
